
Microsoft Visual Studio Solution File, Format Version 12.00
# Visual Studio Version 16
VisualStudioVersion = 16.0.29613.14
MinimumVisualStudioVersion = 10.0.40219.1
Project("{8BC9CEB8-8B4A-11D0-8D11-00A0C91BC942}") = "Selection-data stuctres2", "Selection-data stuctres2\Selection-data stuctres2.vcxproj", "{F865E0EE-8FDF-479E-84B4-9CE4A56D368F}"
EndProject
Global
	GlobalSection(SolutionConfigurationPlatforms) = preSolution
		Debug|x64 = Debug|x64
		Debug|x86 = Debug|x86
		Release|x64 = Release|x64
		Release|x86 = Release|x86
	EndGlobalSection
	GlobalSection(ProjectConfigurationPlatforms) = postSolution
		{F865E0EE-8FDF-479E-84B4-9CE4A56D368F}.Debug|x64.ActiveCfg = Debug|x64
		{F865E0EE-8FDF-479E-84B4-9CE4A56D368F}.Debug|x64.Build.0 = Debug|x64
		{F865E0EE-8FDF-479E-84B4-9CE4A56D368F}.Debug|x86.ActiveCfg = Debug|Win32
		{F865E0EE-8FDF-479E-84B4-9CE4A56D368F}.Debug|x86.Build.0 = Debug|Win32
		{F865E0EE-8FDF-479E-84B4-9CE4A56D368F}.Release|x64.ActiveCfg = Release|x64
		{F865E0EE-8FDF-479E-84B4-9CE4A56D368F}.Release|x64.Build.0 = Release|x64
		{F865E0EE-8FDF-479E-84B4-9CE4A56D368F}.Release|x86.ActiveCfg = Release|Win32
		{F865E0EE-8FDF-479E-84B4-9CE4A56D368F}.Release|x86.Build.0 = Release|Win32
	EndGlobalSection
	GlobalSection(SolutionProperties) = preSolution
		HideSolutionNode = FALSE
	EndGlobalSection
	GlobalSection(ExtensibilityGlobals) = postSolution
		SolutionGuid = {FBC865BA-0C48-4161-8232-0018FC8DFB17}
	EndGlobalSection
EndGlobal
